// !$*UTF8*$!
{
	archiveVersion = 1;
	classes = {
	};
	objectVersion = 45;
	objects = {

/* Begin PBXBuildFile section */
		1DDD58160DA1D0A300B32029 /* MainMenu.xib in Resources */ = {isa = PBXBuildFile; fileRef = 1DDD58140DA1D0A300B32029 /* MainMenu.xib */; };
		256AC3DA0F4B6AC300CF3369 /* BigDataAppDelegate.m in Sources */ = {isa = PBXBuildFile; fileRef = 256AC3D90F4B6AC300CF3369 /* BigDataAppDelegate.m */; };
		4FE4556312F901E600C9C7D6 /* CorePlot.framework in Frameworks */ = {isa = PBXBuildFile; fileRef = 4FE4554612F9006E00C9C7D6 /* CorePlot.framework */; };
		4FE455A012F9033B00C9C7D6 /* CorePlot.framework in Copy Frameworks */ = {isa = PBXBuildFile; fileRef = 4FE4554612F9006E00C9C7D6 /* CorePlot.framework */; };
		4FE455AF12F9061000C9C7D6 /* BigDataModel.mm in Sources */ = {isa = PBXBuildFile; fileRef = 4FE455AE12F9061000C9C7D6 /* BigDataModel.mm */; };
		4FE455F712F9107A00C9C7D6 /* CAStreamBasicDescription.cpp in Sources */ = {isa = PBXBuildFile; fileRef = 4FE455F512F9107A00C9C7D6 /* CAStreamBasicDescription.cpp */; };
		4FE455FC12F910DF00C9C7D6 /* CADebugMacros.cpp in Sources */ = {isa = PBXBuildFile; fileRef = 4FE455FA12F910DF00C9C7D6 /* CADebugMacros.cpp */; };
		4FE4562712F914DD00C9C7D6 /* AudioToolbox.framework in Frameworks */ = {isa = PBXBuildFile; fileRef = 4FE4562612F914DD00C9C7D6 /* AudioToolbox.framework */; };
		4FE4563A12F9153700C9C7D6 /* SampleAudio.L.wav in Resources */ = {isa = PBXBuildFile; fileRef = 4FE4563812F9153700C9C7D6 /* SampleAudio.L.wav */; };
		4FE4563B12F9153700C9C7D6 /* SampleAudio.R.wav in Resources */ = {isa = PBXBuildFile; fileRef = 4FE4563912F9153700C9C7D6 /* SampleAudio.R.wav */; };
		4FE456DC12F9200600C9C7D6 /* BigDataController.m in Sources */ = {isa = PBXBuildFile; fileRef = 4FE456DB12F9200600C9C7D6 /* BigDataController.m */; };
		8D11072B0486CEB800E47090 /* InfoPlist.strings in Resources */ = {isa = PBXBuildFile; fileRef = 089C165CFE840E0CC02AAC07 /* InfoPlist.strings */; };
		8D11072D0486CEB800E47090 /* main.m in Sources */ = {isa = PBXBuildFile; fileRef = 29B97316FDCFA39411CA2CEA /* main.m */; settings = {ATTRIBUTES = (); }; };
		8D11072F0486CEB800E47090 /* Cocoa.framework in Frameworks */ = {isa = PBXBuildFile; fileRef = 1058C7A1FEA54F0111CA2CBB /* Cocoa.framework */; };
/* End PBXBuildFile section */

/* Begin PBXContainerItemProxy section */
		4FE4554512F9006E00C9C7D6 /* PBXContainerItemProxy */ = {
			isa = PBXContainerItemProxy;
			containerPortal = 4FE4553C12F9006E00C9C7D6 /* CorePlot.xcodeproj */;
			proxyType = 2;
			remoteGlobalIDString = 8DC2EF5B0486A6940098B216;
			remoteInfo = CorePlot;
		};
		4FE4554712F9006E00C9C7D6 /* PBXContainerItemProxy */ = {
			isa = PBXContainerItemProxy;
			containerPortal = 4FE4553C12F9006E00C9C7D6 /* CorePlot.xcodeproj */;
			proxyType = 2;
			remoteGlobalIDString = 0730F600109492D800E95162;
			remoteInfo = UnitTests;
		};
		4FE4556112F901D300C9C7D6 /* PBXContainerItemProxy */ = {
			isa = PBXContainerItemProxy;
			containerPortal = 4FE4553C12F9006E00C9C7D6 /* CorePlot.xcodeproj */;
			proxyType = 1;
			remoteGlobalIDString = 8DC2EF4F0486A6940098B216;
			remoteInfo = CorePlot;
		};
/* End PBXContainerItemProxy section */

/* Begin PBXCopyFilesBuildPhase section */
		4FE455A512F9034300C9C7D6 /* Copy Frameworks */ = {
			isa = PBXCopyFilesBuildPhase;
			buildActionMask = 2147483647;
			dstPath = "";
			dstSubfolderSpec = 10;
			files = (
				4FE455A012F9033B00C9C7D6 /* CorePlot.framework in Copy Frameworks */,
			);
			name = "Copy Frameworks";
			runOnlyForDeploymentPostprocessing = 0;
		};
/* End PBXCopyFilesBuildPhase section */

/* Begin PBXFileReference section */
		089C165DFE840E0CC02AAC07 /* English */ = {isa = PBXFileReference; fileEncoding = 4; lastKnownFileType = text.plist.strings; name = English; path = English.lproj/InfoPlist.strings; sourceTree = "<group>"; };
		1058C7A1FEA54F0111CA2CBB /* Cocoa.framework */ = {isa = PBXFileReference; lastKnownFileType = wrapper.framework; name = Cocoa.framework; path = /System/Library/Frameworks/Cocoa.framework; sourceTree = "<absolute>"; };
		13E42FB307B3F0F600E4EEF1 /* CoreData.framework */ = {isa = PBXFileReference; lastKnownFileType = wrapper.framework; name = CoreData.framework; path = /System/Library/Frameworks/CoreData.framework; sourceTree = "<absolute>"; };
		1DDD58150DA1D0A300B32029 /* English */ = {isa = PBXFileReference; lastKnownFileType = file.xib; name = English; path = English.lproj/MainMenu.xib; sourceTree = "<group>"; };
		256AC3D80F4B6AC300CF3369 /* BigDataAppDelegate.h */ = {isa = PBXFileReference; fileEncoding = 4; lastKnownFileType = sourcecode.c.h; path = BigDataAppDelegate.h; sourceTree = "<group>"; };
		256AC3D90F4B6AC300CF3369 /* BigDataAppDelegate.m */ = {isa = PBXFileReference; fileEncoding = 4; lastKnownFileType = sourcecode.c.objc; path = BigDataAppDelegate.m; sourceTree = "<group>"; };
		256AC3F00F4B6AF500CF3369 /* BigData_Prefix.pch */ = {isa = PBXFileReference; fileEncoding = 4; lastKnownFileType = sourcecode.c.h; path = BigData_Prefix.pch; sourceTree = "<group>"; };
		29B97316FDCFA39411CA2CEA /* main.m */ = {isa = PBXFileReference; fileEncoding = 4; lastKnownFileType = sourcecode.c.objc; path = main.m; sourceTree = "<group>"; };
		29B97324FDCFA39411CA2CEA /* AppKit.framework */ = {isa = PBXFileReference; lastKnownFileType = wrapper.framework; name = AppKit.framework; path = /System/Library/Frameworks/AppKit.framework; sourceTree = "<absolute>"; };
		29B97325FDCFA39411CA2CEA /* Foundation.framework */ = {isa = PBXFileReference; lastKnownFileType = wrapper.framework; name = Foundation.framework; path = /System/Library/Frameworks/Foundation.framework; sourceTree = "<absolute>"; };
		4FE4553C12F9006E00C9C7D6 /* CorePlot.xcodeproj */ = {isa = PBXFileReference; lastKnownFileType = "wrapper.pb-project"; name = CorePlot.xcodeproj; path = ../../framework/CorePlot.xcodeproj; sourceTree = SOURCE_ROOT; };
		4FE455AD12F9061000C9C7D6 /* BigDataModel.h */ = {isa = PBXFileReference; fileEncoding = 4; lastKnownFileType = sourcecode.c.h; path = BigDataModel.h; sourceTree = "<group>"; };
		4FE455AE12F9061000C9C7D6 /* BigDataModel.mm */ = {isa = PBXFileReference; fileEncoding = 4; lastKnownFileType = sourcecode.cpp.objcpp; path = BigDataModel.mm; sourceTree = "<group>"; };
		4FE455F512F9107A00C9C7D6 /* CAStreamBasicDescription.cpp */ = {isa = PBXFileReference; fileEncoding = 4; lastKnownFileType = sourcecode.cpp.cpp; path = CAStreamBasicDescription.cpp; sourceTree = "<group>"; };
		4FE455F612F9107A00C9C7D6 /* CAStreamBasicDescription.h */ = {isa = PBXFileReference; fileEncoding = 4; lastKnownFileType = sourcecode.c.h; path = CAStreamBasicDescription.h; sourceTree = "<group>"; };
		4FE455FA12F910DF00C9C7D6 /* CADebugMacros.cpp */ = {isa = PBXFileReference; fileEncoding = 4; lastKnownFileType = sourcecode.cpp.cpp; path = CADebugMacros.cpp; sourceTree = "<group>"; };
		4FE455FB12F910DF00C9C7D6 /* CADebugMacros.h */ = {isa = PBXFileReference; fileEncoding = 4; lastKnownFileType = sourcecode.c.h; path = CADebugMacros.h; sourceTree = "<group>"; };
		4FE455FF12F9111D00C9C7D6 /* CAMath.h */ = {isa = PBXFileReference; fileEncoding = 4; lastKnownFileType = sourcecode.c.h; path = CAMath.h; sourceTree = "<group>"; };
		4FE4562612F914DD00C9C7D6 /* AudioToolbox.framework */ = {isa = PBXFileReference; lastKnownFileType = wrapper.framework; name = AudioToolbox.framework; path = System/Library/Frameworks/AudioToolbox.framework; sourceTree = SDKROOT; };
		4FE4563812F9153700C9C7D6 /* SampleAudio.L.wav */ = {isa = PBXFileReference; lastKnownFileType = audio.wav; path = SampleAudio.L.wav; sourceTree = "<group>"; };
		4FE4563912F9153700C9C7D6 /* SampleAudio.R.wav */ = {isa = PBXFileReference; lastKnownFileType = audio.wav; path = SampleAudio.R.wav; sourceTree = "<group>"; };
		4FE456DA12F9200600C9C7D6 /* BigDataController.h */ = {isa = PBXFileReference; fileEncoding = 4; lastKnownFileType = sourcecode.c.h; path = BigDataController.h; sourceTree = "<group>"; };
		4FE456DB12F9200600C9C7D6 /* BigDataController.m */ = {isa = PBXFileReference; fileEncoding = 4; lastKnownFileType = sourcecode.c.objc; path = BigDataController.m; sourceTree = "<group>"; };
		8D1107310486CEB800E47090 /* BigData-Info.plist */ = {isa = PBXFileReference; fileEncoding = 4; lastKnownFileType = text.plist.xml; path = "BigData-Info.plist"; sourceTree = "<group>"; };
		8D1107320486CEB800E47090 /* BigData.app */ = {isa = PBXFileReference; explicitFileType = wrapper.application; includeInIndex = 0; path = BigData.app; sourceTree = BUILT_PRODUCTS_DIR; };
/* End PBXFileReference section */

/* Begin PBXFrameworksBuildPhase section */
		8D11072E0486CEB800E47090 /* Frameworks */ = {
			isa = PBXFrameworksBuildPhase;
			buildActionMask = 2147483647;
			files = (
				4FE4556312F901E600C9C7D6 /* CorePlot.framework in Frameworks */,
				8D11072F0486CEB800E47090 /* Cocoa.framework in Frameworks */,
				4FE4562712F914DD00C9C7D6 /* AudioToolbox.framework in Frameworks */,
			);
			runOnlyForDeploymentPostprocessing = 0;
		};
/* End PBXFrameworksBuildPhase section */

/* Begin PBXGroup section */
		080E96DDFE201D6D7F000001 /* Classes */ = {
			isa = PBXGroup;
			children = (
				4FE455FF12F9111D00C9C7D6 /* CAMath.h */,
				4FE455FA12F910DF00C9C7D6 /* CADebugMacros.cpp */,
				4FE455FB12F910DF00C9C7D6 /* CADebugMacros.h */,
				4FE455F512F9107A00C9C7D6 /* CAStreamBasicDescription.cpp */,
				4FE455F612F9107A00C9C7D6 /* CAStreamBasicDescription.h */,
				256AC3D80F4B6AC300CF3369 /* BigDataAppDelegate.h */,
				256AC3D90F4B6AC300CF3369 /* BigDataAppDelegate.m */,
				4FE455AD12F9061000C9C7D6 /* BigDataModel.h */,
				4FE455AE12F9061000C9C7D6 /* BigDataModel.mm */,
				4FE456DA12F9200600C9C7D6 /* BigDataController.h */,
				4FE456DB12F9200600C9C7D6 /* BigDataController.m */,
			);
			name = Classes;
			sourceTree = "<group>";
		};
		1058C7A0FEA54F0111CA2CBB /* Linked Frameworks */ = {
			isa = PBXGroup;
			children = (
				1058C7A1FEA54F0111CA2CBB /* Cocoa.framework */,
			);
			name = "Linked Frameworks";
			sourceTree = "<group>";
		};
		1058C7A2FEA54F0111CA2CBB /* Other Frameworks */ = {
			isa = PBXGroup;
			children = (
				29B97324FDCFA39411CA2CEA /* AppKit.framework */,
				13E42FB307B3F0F600E4EEF1 /* CoreData.framework */,
				29B97325FDCFA39411CA2CEA /* Foundation.framework */,
				4FE4562612F914DD00C9C7D6 /* AudioToolbox.framework */,
			);
			name = "Other Frameworks";
			sourceTree = "<group>";
		};
		19C28FACFE9D520D11CA2CBB /* Products */ = {
			isa = PBXGroup;
			children = (
				8D1107320486CEB800E47090 /* BigData.app */,
			);
			name = Products;
			sourceTree = "<group>";
		};
		29B97314FDCFA39411CA2CEA /* BigData */ = {
			isa = PBXGroup;
			children = (
				4FE4553C12F9006E00C9C7D6 /* CorePlot.xcodeproj */,
				080E96DDFE201D6D7F000001 /* Classes */,
				29B97315FDCFA39411CA2CEA /* Other Sources */,
				29B97317FDCFA39411CA2CEA /* Resources */,
				29B97323FDCFA39411CA2CEA /* Frameworks */,
				19C28FACFE9D520D11CA2CBB /* Products */,
			);
			name = BigData;
			sourceTree = "<group>";
		};
		29B97315FDCFA39411CA2CEA /* Other Sources */ = {
			isa = PBXGroup;
			children = (
				256AC3F00F4B6AF500CF3369 /* BigData_Prefix.pch */,
				29B97316FDCFA39411CA2CEA /* main.m */,
			);
			name = "Other Sources";
			sourceTree = "<group>";
		};
		29B97317FDCFA39411CA2CEA /* Resources */ = {
			isa = PBXGroup;
			children = (
				4FE4563812F9153700C9C7D6 /* SampleAudio.L.wav */,
				4FE4563912F9153700C9C7D6 /* SampleAudio.R.wav */,
				8D1107310486CEB800E47090 /* BigData-Info.plist */,
				089C165CFE840E0CC02AAC07 /* InfoPlist.strings */,
				1DDD58140DA1D0A300B32029 /* MainMenu.xib */,
			);
			name = Resources;
			sourceTree = "<group>";
		};
		29B97323FDCFA39411CA2CEA /* Frameworks */ = {
			isa = PBXGroup;
			children = (
				1058C7A0FEA54F0111CA2CBB /* Linked Frameworks */,
				1058C7A2FEA54F0111CA2CBB /* Other Frameworks */,
			);
			name = Frameworks;
			sourceTree = "<group>";
		};
		4FE4553D12F9006E00C9C7D6 /* Products */ = {
			isa = PBXGroup;
			children = (
				4FE4554612F9006E00C9C7D6 /* CorePlot.framework */,
				4FE4554812F9006E00C9C7D6 /* UnitTests.octest */,
			);
			name = Products;
			sourceTree = "<group>";
		};
/* End PBXGroup section */

/* Begin PBXNativeTarget section */
		8D1107260486CEB800E47090 /* BigData */ = {
			isa = PBXNativeTarget;
			buildConfigurationList = C01FCF4A08A954540054247B /* Build configuration list for PBXNativeTarget "BigData" */;
			buildPhases = (
				8D1107290486CEB800E47090 /* Resources */,
				8D11072C0486CEB800E47090 /* Sources */,
				8D11072E0486CEB800E47090 /* Frameworks */,
				4FE455A512F9034300C9C7D6 /* Copy Frameworks */,
			);
			buildRules = (
			);
			dependencies = (
				4FE4556212F901D300C9C7D6 /* PBXTargetDependency */,
			);
			name = BigData;
			productInstallPath = "$(HOME)/Applications";
			productName = BigData;
			productReference = 8D1107320486CEB800E47090 /* BigData.app */;
			productType = "com.apple.product-type.application";
		};
/* End PBXNativeTarget section */

/* Begin PBXProject section */
		29B97313FDCFA39411CA2CEA /* Project object */ = {
			isa = PBXProject;
			buildConfigurationList = C01FCF4E08A954540054247B /* Build configuration list for PBXProject "BigData" */;
			compatibilityVersion = "Xcode 3.1";
			developmentRegion = English;
			hasScannedForEncodings = 1;
			knownRegions = (
				English,
				Japanese,
				French,
				German,
			);
			mainGroup = 29B97314FDCFA39411CA2CEA /* BigData */;
			projectDirPath = "";
			projectReferences = (
				{
					ProductGroup = 4FE4553D12F9006E00C9C7D6 /* Products */;
					ProjectRef = 4FE4553C12F9006E00C9C7D6 /* CorePlot.xcodeproj */;
				},
			);
			projectRoot = "";
			targets = (
				8D1107260486CEB800E47090 /* BigData */,
			);
		};
/* End PBXProject section */

/* Begin PBXReferenceProxy section */
		4FE4554612F9006E00C9C7D6 /* CorePlot.framework */ = {
			isa = PBXReferenceProxy;
			fileType = wrapper.framework;
			path = CorePlot.framework;
			remoteRef = 4FE4554512F9006E00C9C7D6 /* PBXContainerItemProxy */;
			sourceTree = BUILT_PRODUCTS_DIR;
		};
		4FE4554812F9006E00C9C7D6 /* UnitTests.octest */ = {
			isa = PBXReferenceProxy;
			fileType = wrapper.cfbundle;
			path = UnitTests.octest;
			remoteRef = 4FE4554712F9006E00C9C7D6 /* PBXContainerItemProxy */;
			sourceTree = BUILT_PRODUCTS_DIR;
		};
/* End PBXReferenceProxy section */

/* Begin PBXResourcesBuildPhase section */
		8D1107290486CEB800E47090 /* Resources */ = {
			isa = PBXResourcesBuildPhase;
			buildActionMask = 2147483647;
			files = (
				8D11072B0486CEB800E47090 /* InfoPlist.strings in Resources */,
				1DDD58160DA1D0A300B32029 /* MainMenu.xib in Resources */,
				4FE4563A12F9153700C9C7D6 /* SampleAudio.L.wav in Resources */,
				4FE4563B12F9153700C9C7D6 /* SampleAudio.R.wav in Resources */,
			);
			runOnlyForDeploymentPostprocessing = 0;
		};
/* End PBXResourcesBuildPhase section */

/* Begin PBXSourcesBuildPhase section */
		8D11072C0486CEB800E47090 /* Sources */ = {
			isa = PBXSourcesBuildPhase;
			buildActionMask = 2147483647;
			files = (
				8D11072D0486CEB800E47090 /* main.m in Sources */,
				256AC3DA0F4B6AC300CF3369 /* BigDataAppDelegate.m in Sources */,
				4FE455AF12F9061000C9C7D6 /* BigDataModel.mm in Sources */,
				4FE455F712F9107A00C9C7D6 /* CAStreamBasicDescription.cpp in Sources */,
				4FE455FC12F910DF00C9C7D6 /* CADebugMacros.cpp in Sources */,
				4FE456DC12F9200600C9C7D6 /* BigDataController.m in Sources */,
			);
			runOnlyForDeploymentPostprocessing = 0;
		};
/* End PBXSourcesBuildPhase section */

/* Begin PBXTargetDependency section */
		4FE4556212F901D300C9C7D6 /* PBXTargetDependency */ = {
			isa = PBXTargetDependency;
			name = CorePlot;
			targetProxy = 4FE4556112F901D300C9C7D6 /* PBXContainerItemProxy */;
		};
/* End PBXTargetDependency section */

/* Begin PBXVariantGroup section */
		089C165CFE840E0CC02AAC07 /* InfoPlist.strings */ = {
			isa = PBXVariantGroup;
			children = (
				089C165DFE840E0CC02AAC07 /* English */,
			);
			name = InfoPlist.strings;
			sourceTree = "<group>";
		};
		1DDD58140DA1D0A300B32029 /* MainMenu.xib */ = {
			isa = PBXVariantGroup;
			children = (
				1DDD58150DA1D0A300B32029 /* English */,
			);
			name = MainMenu.xib;
			sourceTree = "<group>";
		};
/* End PBXVariantGroup section */

/* Begin XCBuildConfiguration section */
		C01FCF4B08A954540054247B /* Debug */ = {
			isa = XCBuildConfiguration;
			buildSettings = {
				ALWAYS_SEARCH_USER_PATHS = NO;
				COPY_PHASE_STRIP = NO;
				FRAMEWORK_SEARCH_PATHS = "\"$(PROJECT_DIR)/../../build/Debug\"/**";
				GCC_DYNAMIC_NO_PIC = NO;
				GCC_ENABLE_FIX_AND_CONTINUE = YES;
				GCC_MODEL_TUNING = G5;
				GCC_OPTIMIZATION_LEVEL = 0;
				GCC_PRECOMPILE_PREFIX_HEADER = YES;
				GCC_PREFIX_HEADER = BigData_Prefix.pch;
				INFOPLIST_FILE = "BigData-Info.plist";
				INSTALL_PATH = "$(HOME)/Applications";
				OTHER_LDFLAGS = (
					"-ObjC",
					"-all_load",
				);
				PRODUCT_NAME = BigData;
			};
			name = Debug;
		};
		C01FCF4C08A954540054247B /* Release */ = {
			isa = XCBuildConfiguration;
			buildSettings = {
				ALWAYS_SEARCH_USER_PATHS = NO;
				DEBUG_INFORMATION_FORMAT = "dwarf-with-dsym";
				FRAMEWORK_SEARCH_PATHS = "\"$(PROJECT_DIR)/../../build/Release\"/**";
				GCC_MODEL_TUNING = G5;
				GCC_PRECOMPILE_PREFIX_HEADER = YES;
				GCC_PREFIX_HEADER = BigData_Prefix.pch;
				INFOPLIST_FILE = "BigData-Info.plist";
				INSTALL_PATH = "$(HOME)/Applications";
				OTHER_LDFLAGS = (
					"-ObjC",
					"-all_load",
				);
				PRODUCT_NAME = BigData;
			};
			name = Release;
		};
		C01FCF4F08A954540054247B /* Debug */ = {
			isa = XCBuildConfiguration;
			buildSettings = {
				ARCHS = "$(ARCHS_STANDARD_32_64_BIT)";
				GCC_C_LANGUAGE_STANDARD = gnu99;
				GCC_OPTIMIZATION_LEVEL = 0;
				GCC_WARN_ABOUT_RETURN_TYPE = YES;
				GCC_WARN_UNUSED_VARIABLE = YES;
				ONLY_ACTIVE_ARCH = YES;
				PREBINDING = NO;
				SDKROOT = macosx10.6;
			};
			name = Debug;
		};
		C01FCF5008A954540054247B /* Release */ = {
			isa = XCBuildConfiguration;
			buildSettings = {
				ARCHS = "$(ARCHS_STANDARD_32_64_BIT)";
				GCC_C_LANGUAGE_STANDARD = gnu99;
				GCC_WARN_ABOUT_RETURN_TYPE = YES;
				GCC_WARN_UNUSED_VARIABLE = YES;
				PREBINDING = NO;
				SDKROOT = macosx10.6;
			};
			name = Release;
		};
/* End XCBuildConfiguration section */

/* Begin XCConfigurationList section */
		C01FCF4A08A954540054247B /* Build configuration list for PBXNativeTarget "BigData" */ = {
			isa = XCConfigurationList;
			buildConfigurations = (
				C01FCF4B08A954540054247B /* Debug */,
				C01FCF4C08A954540054247B /* Release */,
			);
			defaultConfigurationIsVisible = 0;
			defaultConfigurationName = Release;
		};
		C01FCF4E08A954540054247B /* Build configuration list for PBXProject "BigData" */ = {
			isa = XCConfigurationList;
			buildConfigurations = (
				C01FCF4F08A954540054247B /* Debug */,
				C01FCF5008A954540054247B /* Release */,
			);
			defaultConfigurationIsVisible = 0;
			defaultConfigurationName = Release;
		};
/* End XCConfigurationList section */
	};
	rootObject = 29B97313FDCFA39411CA2CEA /* Project object */;
}
